
Microsoft Visual Studio Solution File, Format Version 11.00
# Visual Studio 2010
Project("{FAE04EC0-301F-11D3-BF4B-00C04F79EFBC}") = "Xcavaxion", "Assembly-CSharp.csproj", "{29E8F6CB-14D1-9230-F79C-398A5D695D25}"
EndProject
Project("{FAE04EC0-301F-11D3-BF4B-00C04F79EFBC}") = "Xcavaxion", "Assembly-CSharp-Editor.csproj", "{40199A70-8F21-5BD2-A68B-D0CECA4CC9C1}"
EndProject
Global
	GlobalSection(SolutionConfigurationPlatforms) = preSolution
		Debug|Any CPU = Debug|Any CPU
		Release|Any CPU = Release|Any CPU
	EndGlobalSection
	GlobalSection(ProjectConfigurationPlatforms) = postSolution
		{29E8F6CB-14D1-9230-F79C-398A5D695D25}.Debug|Any CPU.ActiveCfg = Debug|Any CPU
		{29E8F6CB-14D1-9230-F79C-398A5D695D25}.Debug|Any CPU.Build.0 = Debug|Any CPU
		{29E8F6CB-14D1-9230-F79C-398A5D695D25}.Release|Any CPU.ActiveCfg = Release|Any CPU
		{29E8F6CB-14D1-9230-F79C-398A5D695D25}.Release|Any CPU.Build.0 = Release|Any CPU
		{40199A70-8F21-5BD2-A68B-D0CECA4CC9C1}.Debug|Any CPU.ActiveCfg = Debug|Any CPU
		{40199A70-8F21-5BD2-A68B-D0CECA4CC9C1}.Debug|Any CPU.Build.0 = Debug|Any CPU
		{40199A70-8F21-5BD2-A68B-D0CECA4CC9C1}.Release|Any CPU.ActiveCfg = Release|Any CPU
		{40199A70-8F21-5BD2-A68B-D0CECA4CC9C1}.Release|Any CPU.Build.0 = Release|Any CPU
	EndGlobalSection
	GlobalSection(SolutionProperties) = preSolution
		HideSolutionNode = FALSE
	EndGlobalSection
	GlobalSection(MonoDevelopProperties) = preSolution
		StartupItem = Assembly-CSharp.csproj
	EndGlobalSection
EndGlobal
