
Microsoft Visual Studio Solution File, Format Version 12.00
# Visual Studio 2017
Project("{FAE04EC0-301F-11D3-BF4B-00C04F79EFBC}") = "Xcavaxion", "Xcavaxion.csproj", "{99DF93AC-3908-C00B-BBF8-04DBDEFA2005}"
EndProject
Project("{FAE04EC0-301F-11D3-BF4B-00C04F79EFBC}") = "Xcavaxion.Editor", "Xcavaxion.Editor.csproj", "{9F91C755-4EE9-9C61-9FE3-7C7169E54651}"
EndProject
Global
	GlobalSection(SolutionConfigurationPlatforms) = preSolution
		Debug|Any CPU = Debug|Any CPU
		Release|Any CPU = Release|Any CPU
	EndGlobalSection
	GlobalSection(ProjectConfigurationPlatforms) = postSolution
		{99DF93AC-3908-C00B-BBF8-04DBDEFA2005}.Debug|Any CPU.ActiveCfg = Debug|Any CPU
		{99DF93AC-3908-C00B-BBF8-04DBDEFA2005}.Debug|Any CPU.Build.0 = Debug|Any CPU
		{99DF93AC-3908-C00B-BBF8-04DBDEFA2005}.Release|Any CPU.ActiveCfg = Release|Any CPU
		{99DF93AC-3908-C00B-BBF8-04DBDEFA2005}.Release|Any CPU.Build.0 = Release|Any CPU
		{9F91C755-4EE9-9C61-9FE3-7C7169E54651}.Debug|Any CPU.ActiveCfg = Debug|Any CPU
		{9F91C755-4EE9-9C61-9FE3-7C7169E54651}.Debug|Any CPU.Build.0 = Debug|Any CPU
		{9F91C755-4EE9-9C61-9FE3-7C7169E54651}.Release|Any CPU.ActiveCfg = Release|Any CPU
		{9F91C755-4EE9-9C61-9FE3-7C7169E54651}.Release|Any CPU.Build.0 = Release|Any CPU
	EndGlobalSection
	GlobalSection(SolutionProperties) = preSolution
		HideSolutionNode = FALSE
	EndGlobalSection
EndGlobal
